
Microsoft Visual Studio Solution File, Format Version 12.00
# Visual Studio Version 16
VisualStudioVersion = 16.0.29418.71
MinimumVisualStudioVersion = 10.0.40219.1
Project("{FAE04EC0-301F-11D3-BF4B-00C04F79EFBC}") = "Backlog", "Backlog\Backlog.csproj", "{9B51FB9A-4CDF-4FEB-93A1-0A2C6BD9CD34}"
EndProject
Global
	GlobalSection(SolutionConfigurationPlatforms) = preSolution
		Debug|Any CPU = Debug|Any CPU
		Release|Any CPU = Release|Any CPU
	EndGlobalSection
	GlobalSection(ProjectConfigurationPlatforms) = postSolution
		{9B51FB9A-4CDF-4FEB-93A1-0A2C6BD9CD34}.Debug|Any CPU.ActiveCfg = Debug|Any CPU
		{9B51FB9A-4CDF-4FEB-93A1-0A2C6BD9CD34}.Debug|Any CPU.Build.0 = Debug|Any CPU
		{9B51FB9A-4CDF-4FEB-93A1-0A2C6BD9CD34}.Release|Any CPU.ActiveCfg = Release|Any CPU
		{9B51FB9A-4CDF-4FEB-93A1-0A2C6BD9CD34}.Release|Any CPU.Build.0 = Release|Any CPU
	EndGlobalSection
	GlobalSection(SolutionProperties) = preSolution
		HideSolutionNode = FALSE
	EndGlobalSection
	GlobalSection(ExtensibilityGlobals) = postSolution
		SolutionGuid = {0EA8F036-0683-4BED-8588-4AADBE3B3EF1}
	EndGlobalSection
EndGlobal
